lockfileVersion: '9.0'

settings:
  autoInstallPeers: true
  excludeLinksFromLockfile: false

importers:

  .:
    devDependencies:
      '@types/node':
        specifier: ^22.0.0
        version: 22.20.4
      playwright:
        specifier: ^1.63.0
        version: 1.63.0
      typescript:
        specifier: ^5.6.0
        version: 5.9.3

  packages/brightwheel-archive:
    dependencies:
      media-ferry:
        specifier: workspace:*
        version: link:../media-ferry
    optionalDependencies:
      exiftool-vendored:
        specifier: ^28.0.0
        version: 28.8.0

  packages/media-ferry: {}

packages:

  '@photostructure/tz-lookup@11.7.0':
    resolution: {integrity: sha512-QbKHXvleluMIlAHf2JiQTJNU5rLQBeQhLobyRqgXZ6NNGKqNikaRkjYviJ4nMU7Y75QE7bBYM8xjiFGjAukyhw==}

  '@types/luxon@3.7.5':
    resolution: {integrity: sha512-jJ41Q4z6ZVO260MNDdHfW7+7a5iMiX8Mr6ZJHcmgrvhZha6dz5704o/lF2kKl6URjH6ivEL97w9xS/MgpJEphg==}

  '@types/node@22.20.4':
    resolution: {integrity: sha512-zJRE40jpHtKqE/C4fgHrAKQLJuSpzEnP9ff9Y7YtoR3Wd2pwqzlekDeEuUQXjRd+QCYnVnNwuJYmhdk9XV8gvA==}

  batch-cluster@13.0.0:
    resolution: {integrity: sha512-EreW0Vi8TwovhYUHBXXRA5tthuU2ynGsZFlboyMJHCCUXYa2AjgwnE3ubBOJs2xJLcuXFJbi6c/8pH5+FVj8Og==}
    engines: {node: '>=14'}

  exiftool-vendored.exe@13.0.0:
    resolution: {integrity: sha512-4zAMuFGgxZkOoyQIzZMHv1HlvgyJK3AkNqjAgm8A8V0UmOZO7yv3pH49cDV1OduzFJqgs6yQ6eG4OGydhKtxlg==}
    os: [win32]

  exiftool-vendored.pl@13.0.1:
    resolution: {integrity: sha512-+BRRzjselpWudKR0ltAW5SUt9T82D+gzQN8DdOQUgnSVWWp7oLCeTGBRptbQz+436Ihn/mPzmo/xnf0cv/Qw1A==}
    os: ['!win32']

  exiftool-vendored@28.8.0:
    resolution: {integrity: sha512-R7tirJLr9fWuH9JS/KFFLB+O7jNGKuPXGxREc6YybYangEudGb+X8ERsYXk9AifMiAWh/2agNfbgkbcQcF+MxA==}

  he@1.2.0:
    resolution: {integrity: sha512-F/1DnUGPopORZi0ni+CvrCgHQ5FyEAHRLSApuYWMmrbSwoN2Mn/7k+Gl38gJnR7yyDZk6WLXwiGod1JOWNDKGw==}
    hasBin: true

  luxon@3.7.2:
    resolution: {integrity: sha512-vtEhXh/gNjI9Yg1u4jX/0YVPMvxzHuGgCm6tC5kZyb08yjGWGnqAjGJvcXbqQR2P3MyMEFnRbpcdFS6PBcLqew==}
    engines: {node: '>=12'}

  playwright-core@1.63.0:
    resolution: {integrity: sha512-rYCsBF/M5HjUch52bbtVONEFjv6Xu8sm8h72dNlR5bzIE1fvC/bxgspzkjSfU+MweEMmPM8KJebG6nnyxo5mCg==}
    engines: {node: '>=20'}
    hasBin: true

  playwright@1.63.0:
    resolution: {integrity: sha512-+7ziBLidS4NaNCdt57SUDT+wYmmd5fmiQejUic/kb+YsYSCPyOOE9sebzMjNmQrsnNpDJqd4WHvV/8lfKfUDUg==}
    engines: {node: '>=20'}
    hasBin: true

  typescript@5.9.3:
    resolution: {integrity: sha512-jl1vZzPDinLr9eUt3J/t7V6FgNEw9QjvBPdysz9KfQDD41fQrC2Y4vKQdiaUpFT4bXlb1RHhLpp8wtm6M5TgSw==}
    engines: {node: '>=14.17'}
    hasBin: true

  undici-types@6.21.0:
    resolution: {integrity: sha512-iwDZqg0QAGrg9Rav5H4n0M64c3mkR59cJ6wQp+7C4nI0gsmExaedaYLNO44eT4AtBBwjbTiGPMlt2Md0T9H9JQ==}

snapshots:

  '@photostructure/tz-lookup@11.7.0':
    optional: true

  '@types/luxon@3.7.5':
    optional: true

  '@types/node@22.20.4':
    dependencies:
      undici-types: 6.21.0

  batch-cluster@13.0.0:
    optional: true

  exiftool-vendored.exe@13.0.0:
    optional: true

  exiftool-vendored.pl@13.0.1:
    optional: true

  exiftool-vendored@28.8.0:
    dependencies:
      '@photostructure/tz-lookup': 11.7.0
      '@types/luxon': 3.7.5
      batch-cluster: 13.0.0
      he: 1.2.0
      luxon: 3.7.2
    optionalDependencies:
      exiftool-vendored.exe: 13.0.0
      exiftool-vendored.pl: 13.0.1
    optional: true

  he@1.2.0:
    optional: true

  luxon@3.7.2:
    optional: true

  playwright-core@1.63.0: {}

  playwright@1.63.0:
    dependencies:
      playwright-core: 1.63.0

  typescript@5.9.3: {}

  undici-types@6.21.0: {}
